
Microsoft Visual Studio Solution File, Format Version 12.00
# Visual Studio Version 17
VisualStudioVersion = 17.8.34322.80
MinimumVisualStudioVersion = 10.0.40219.1
Project("{FAE04EC0-301F-11D3-BF4B-00C04F79EFBC}") = "TestYourStrength", "TestYourStrength.csproj", "{9EC58568-8612-4163-A5F5-E69040B08213}"
EndProject
Global
	GlobalSection(SolutionConfigurationPlatforms) = preSolution
		Debug|Any CPU = Debug|Any CPU
		Release|Any CPU = Release|Any CPU
	EndGlobalSection
	GlobalSection(ProjectConfigurationPlatforms) = postSolution
		{9EC58568-8612-4163-A5F5-E69040B08213}.Debug|Any CPU.ActiveCfg = Debug|Any CPU
		{9EC58568-8612-4163-A5F5-E69040B08213}.Debug|Any CPU.Build.0 = Debug|Any CPU
		{9EC58568-8612-4163-A5F5-E69040B08213}.Release|Any CPU.ActiveCfg = Release|Any CPU
		{9EC58568-8612-4163-A5F5-E69040B08213}.Release|Any CPU.Build.0 = Release|Any CPU
	EndGlobalSection
	GlobalSection(SolutionProperties) = preSolution
		HideSolutionNode = FALSE
	EndGlobalSection
	GlobalSection(ExtensibilityGlobals) = postSolution
		SolutionGuid = {16B293B6-E22C-462F-A45E-E259BBAC00B0}
	EndGlobalSection
EndGlobal
